<Solution>
<Folder Name="/src/">
  <Project Path="src/Sinbas.Domain/Sinbas.Domain.fsproj" />
  <Project Path="src/Sinbas.Application/Sinbas.Application.fsproj" />
  <Project Path="src/Sinbas.Infrastructure/Sinbas.Infrastructure.fsproj" />
  <Project Path="src/Sinbas.Web/Sinbas.Web.fsproj" />
  </Folder>
<Folder Name="/tests/">
  <Project Path="tests/Sinbas.Domain.Tests/Sinbas.Domain.Tests.fsproj" />
</Folder>
</Solution>
